
Microsoft Visual Studio Solution File, Format Version 12.00
# Visual Studio Version 16
VisualStudioVersion = 16.0.29409.12
MinimumVisualStudioVersion = 10.0.40219.1
Project("{9A19103F-16F7-4668-BE54-9A1E7A4F7556}") = "FmsbwebCoreApi", "FmsbwebCoreApi\FmsbwebCoreApi.csproj", "{B5AB1D79-8C3C-47C6-9F9F-8641146F8BFE}"
EndProject
Project("{9A19103F-16F7-4668-BE54-9A1E7A4F7556}") = "FmsbwebCoreApiTests", "FmsbwebCoreApiTests\FmsbwebCoreApiTests.csproj", "{B58E46C9-0D4E-4BD7-8ABB-20CE8ED43916}"
EndProject
Project("{FAE04EC0-301F-11D3-BF4B-00C04F79EFBC}") = "UtilityLibrary", "..\..\FMSBWEB.Service\UtilityLibrary\UtilityLibrary.csproj", "{2FFE3A97-B8BA-45CC-B0A2-24AD7E02AC8C}"
EndProject
Project("{FAE04EC0-301F-11D3-BF4B-00C04F79EFBC}") = "DateShiftLib", "..\..\FMSBWEB2\DateShiftMethods\DateShiftLib.csproj", "{3EE34C02-727A-4613-A8A0-F4E67449D89A}"
EndProject
Global
	GlobalSection(SolutionConfigurationPlatforms) = preSolution
		Debug|Any CPU = Debug|Any CPU
		Release|Any CPU = Release|Any CPU
	EndGlobalSection
	GlobalSection(ProjectConfigurationPlatforms) = postSolution
		{B5AB1D79-8C3C-47C6-9F9F-8641146F8BFE}.Debug|Any CPU.ActiveCfg = Debug|Any CPU
		{B5AB1D79-8C3C-47C6-9F9F-8641146F8BFE}.Debug|Any CPU.Build.0 = Debug|Any CPU
		{B5AB1D79-8C3C-47C6-9F9F-8641146F8BFE}.Release|Any CPU.ActiveCfg = Release|Any CPU
		{B5AB1D79-8C3C-47C6-9F9F-8641146F8BFE}.Release|Any CPU.Build.0 = Release|Any CPU
		{B58E46C9-0D4E-4BD7-8ABB-20CE8ED43916}.Debug|Any CPU.ActiveCfg = Debug|Any CPU
		{B58E46C9-0D4E-4BD7-8ABB-20CE8ED43916}.Debug|Any CPU.Build.0 = Debug|Any CPU
		{B58E46C9-0D4E-4BD7-8ABB-20CE8ED43916}.Release|Any CPU.ActiveCfg = Release|Any CPU
		{B58E46C9-0D4E-4BD7-8ABB-20CE8ED43916}.Release|Any CPU.Build.0 = Release|Any CPU
		{2FFE3A97-B8BA-45CC-B0A2-24AD7E02AC8C}.Debug|Any CPU.ActiveCfg = Debug|Any CPU
		{2FFE3A97-B8BA-45CC-B0A2-24AD7E02AC8C}.Debug|Any CPU.Build.0 = Debug|Any CPU
		{2FFE3A97-B8BA-45CC-B0A2-24AD7E02AC8C}.Release|Any CPU.ActiveCfg = Release|Any CPU
		{2FFE3A97-B8BA-45CC-B0A2-24AD7E02AC8C}.Release|Any CPU.Build.0 = Release|Any CPU
		{3EE34C02-727A-4613-A8A0-F4E67449D89A}.Debug|Any CPU.ActiveCfg = Debug|Any CPU
		{3EE34C02-727A-4613-A8A0-F4E67449D89A}.Debug|Any CPU.Build.0 = Debug|Any CPU
		{3EE34C02-727A-4613-A8A0-F4E67449D89A}.Release|Any CPU.ActiveCfg = Release|Any CPU
		{3EE34C02-727A-4613-A8A0-F4E67449D89A}.Release|Any CPU.Build.0 = Release|Any CPU
	EndGlobalSection
	GlobalSection(SolutionProperties) = preSolution
		HideSolutionNode = FALSE
	EndGlobalSection
	GlobalSection(ExtensibilityGlobals) = postSolution
		SolutionGuid = {8FFDDFA3-1A28-451F-8999-04999109AFCA}
	EndGlobalSection
EndGlobal
